// !$*UTF8*$!
{
	archiveVersion = 1;
	classes = {
	};
	objectVersion = 50;
	objects = {

/* Begin PBXBuildFile section */
		FABBFAF0219DB4BA0026D2F2 /* AppDelegate.m in Sources */ = {isa = PBXBuildFile; fileRef = FABBFAEF219DB4BA0026D2F2 /* AppDelegate.m */; };
		FABBFAF6219DB4BA0026D2F2 /* Main.storyboard in Resources */ = {isa = PBXBuildFile; fileRef = FABBFAF4219DB4BA0026D2F2 /* Main.storyboard */; };
		FABBFAF8219DB4BC0026D2F2 /* Assets.xcassets in Resources */ = {isa = PBXBuildFile; fileRef = FABBFAF7219DB4BC0026D2F2 /* Assets.xcassets */; };
		FABBFAFB219DB4BC0026D2F2 /* LaunchScreen.storyboard in Resources */ = {isa = PBXBuildFile; fileRef = FABBFAF9219DB4BC0026D2F2 /* LaunchScreen.storyboard */; };
		FABBFAFE219DB4BC0026D2F2 /* main.m in Sources */ = {isa = PBXBuildFile; fileRef = FABBFAFD219DB4BC0026D2F2 /* main.m */; };
		FABBFB06219DB8540026D2F2 /* resto.json in Resources */ = {isa = PBXBuildFile; fileRef = FABBFB05219DB8540026D2F2 /* resto.json */; };
		FABBFB0E219F0AC80026D2F2 /* MABMapperFetcher.m in Sources */ = {isa = PBXBuildFile; fileRef = FABBFB0D219F0AC80026D2F2 /* MABMapperFetcher.m */; };
		FABBFB1921A08AD30026D2F2 /* Resto.m in Sources */ = {isa = PBXBuildFile; fileRef = FABBFB1821A08AD30026D2F2 /* Resto.m */; };
		FABBFB1C21A08DCD0026D2F2 /* ArrayViewController.m in Sources */ = {isa = PBXBuildFile; fileRef = FABBFB1B21A08DCD0026D2F2 /* ArrayViewController.m */; };
/* End PBXBuildFile section */

/* Begin PBXFileReference section */
		FABBFAEB219DB4BA0026D2F2 /* MapperDemo.app */ = {isa = PBXFileReference; explicitFileType = wrapper.application; includeInIndex = 0; path = MapperDemo.app; sourceTree = BUILT_PRODUCTS_DIR; };
		FABBFAEE219DB4BA0026D2F2 /* AppDelegate.h */ = {isa = PBXFileReference; lastKnownFileType = sourcecode.c.h; path = AppDelegate.h; sourceTree = "<group>"; };
		FABBFAEF219DB4BA0026D2F2 /* AppDelegate.m */ = {isa = PBXFileReference; lastKnownFileType = sourcecode.c.objc; path = AppDelegate.m; sourceTree = "<group>"; };
		FABBFAF5219DB4BA0026D2F2 /* Base */ = {isa = PBXFileReference; lastKnownFileType = file.storyboard; name = Base; path = Base.lproj/Main.storyboard; sourceTree = "<group>"; };
		FABBFAF7219DB4BC0026D2F2 /* Assets.xcassets */ = {isa = PBXFileReference; lastKnownFileType = folder.assetcatalog; path = Assets.xcassets; sourceTree = "<group>"; };
		FABBFAFA219DB4BC0026D2F2 /* Base */ = {isa = PBXFileReference; lastKnownFileType = file.storyboard; name = Base; path = Base.lproj/LaunchScreen.storyboard; sourceTree = "<group>"; };
		FABBFAFC219DB4BC0026D2F2 /* Info.plist */ = {isa = PBXFileReference; lastKnownFileType = text.plist.xml; path = Info.plist; sourceTree = "<group>"; };
		FABBFAFD219DB4BC0026D2F2 /* main.m */ = {isa = PBXFileReference; lastKnownFileType = sourcecode.c.objc; path = main.m; sourceTree = "<group>"; };
		FABBFB05219DB8540026D2F2 /* resto.json */ = {isa = PBXFileReference; lastKnownFileType = text.json; path = resto.json; sourceTree = "<group>"; };
		FABBFB0B219F0AC80026D2F2 /* MABMapperFetcher.h */ = {isa = PBXFileReference; fileEncoding = 4; lastKnownFileType = sourcecode.c.h; path = MABMapperFetcher.h; sourceTree = "<group>"; };
		FABBFB0C219F0AC80026D2F2 /* MABMapper.h */ = {isa = PBXFileReference; fileEncoding = 4; lastKnownFileType = sourcecode.c.h; path = MABMapper.h; sourceTree = "<group>"; };
		FABBFB0D219F0AC80026D2F2 /* MABMapperFetcher.m */ = {isa = PBXFileReference; fileEncoding = 4; lastKnownFileType = sourcecode.c.objc; path = MABMapperFetcher.m; sourceTree = "<group>"; };
		FABBFB1721A08AD30026D2F2 /* Resto.h */ = {isa = PBXFileReference; lastKnownFileType = sourcecode.c.h; path = Resto.h; sourceTree = "<group>"; };
		FABBFB1821A08AD30026D2F2 /* Resto.m */ = {isa = PBXFileReference; lastKnownFileType = sourcecode.c.objc; path = Resto.m; sourceTree = "<group>"; };
		FABBFB1A21A08DCD0026D2F2 /* ArrayViewController.h */ = {isa = PBXFileReference; lastKnownFileType = sourcecode.c.h; path = ArrayViewController.h; sourceTree = "<group>"; };
		FABBFB1B21A08DCD0026D2F2 /* ArrayViewController.m */ = {isa = PBXFileReference; lastKnownFileType = sourcecode.c.objc; path = ArrayViewController.m; sourceTree = "<group>"; };
/* End PBXFileReference section */

/* Begin PBXFrameworksBuildPhase section */
		FABBFAE8219DB4BA0026D2F2 /* Frameworks */ = {
			isa = PBXFrameworksBuildPhase;
			buildActionMask = 2147483647;
			files = (
			);
			runOnlyForDeploymentPostprocessing = 0;
		};
/* End PBXFrameworksBuildPhase section */

/* Begin PBXGroup section */
		FABBFAE2219DB4BA0026D2F2 = {
			isa = PBXGroup;
			children = (
				FABBFAED219DB4BA0026D2F2 /* MapperDemo */,
				FABBFAEC219DB4BA0026D2F2 /* Products */,
			);
			sourceTree = "<group>";
		};
		FABBFAEC219DB4BA0026D2F2 /* Products */ = {
			isa = PBXGroup;
			children = (
				FABBFAEB219DB4BA0026D2F2 /* MapperDemo.app */,
			);
			name = Products;
			sourceTree = "<group>";
		};
		FABBFAED219DB4BA0026D2F2 /* MapperDemo */ = {
			isa = PBXGroup;
			children = (
				FABBFB1621A089570026D2F2 /* Model */,
				FABBFB0A219F0AC80026D2F2 /* MABMapper */,
				FABBFB04219DB4E30026D2F2 /* JSON */,
				FABBFAEE219DB4BA0026D2F2 /* AppDelegate.h */,
				FABBFAEF219DB4BA0026D2F2 /* AppDelegate.m */,
				FABBFAF4219DB4BA0026D2F2 /* Main.storyboard */,
				FABBFB0F21A088AE0026D2F2 /* ViewControllers */,
				FABBFAF7219DB4BC0026D2F2 /* Assets.xcassets */,
				FABBFAF9219DB4BC0026D2F2 /* LaunchScreen.storyboard */,
				FABBFAFC219DB4BC0026D2F2 /* Info.plist */,
				FABBFAFD219DB4BC0026D2F2 /* main.m */,
			);
			path = MapperDemo;
			sourceTree = "<group>";
		};
		FABBFB04219DB4E30026D2F2 /* JSON */ = {
			isa = PBXGroup;
			children = (
				FABBFB05219DB8540026D2F2 /* resto.json */,
			);
			path = JSON;
			sourceTree = "<group>";
		};
		FABBFB0A219F0AC80026D2F2 /* MABMapper */ = {
			isa = PBXGroup;
			children = (
				FABBFB0B219F0AC80026D2F2 /* MABMapperFetcher.h */,
				FABBFB0C219F0AC80026D2F2 /* MABMapper.h */,
				FABBFB0D219F0AC80026D2F2 /* MABMapperFetcher.m */,
			);
			name = MABMapper;
			path = ../../MABMapper;
			sourceTree = "<group>";
		};
		FABBFB0F21A088AE0026D2F2 /* ViewControllers */ = {
			isa = PBXGroup;
			children = (
				FABBFB1A21A08DCD0026D2F2 /* ArrayViewController.h */,
				FABBFB1B21A08DCD0026D2F2 /* ArrayViewController.m */,
			);
			path = ViewControllers;
			sourceTree = "<group>";
		};
		FABBFB1621A089570026D2F2 /* Model */ = {
			isa = PBXGroup;
			children = (
				FABBFB1721A08AD30026D2F2 /* Resto.h */,
				FABBFB1821A08AD30026D2F2 /* Resto.m */,
			);
			path = Model;
			sourceTree = "<group>";
		};
/* End PBXGroup section */

/* Begin PBXNativeTarget section */
		FABBFAEA219DB4BA0026D2F2 /* MapperDemo */ = {
			isa = PBXNativeTarget;
			buildConfigurationList = FABBFB01219DB4BC0026D2F2 /* Build configuration list for PBXNativeTarget "MapperDemo" */;
			buildPhases = (
				FABBFAE7219DB4BA0026D2F2 /* Sources */,
				FABBFAE8219DB4BA0026D2F2 /* Frameworks */,
				FABBFAE9219DB4BA0026D2F2 /* Resources */,
			);
			buildRules = (
			);
			dependencies = (
			);
			name = MapperDemo;
			productName = MapperDemo;
			productReference = FABBFAEB219DB4BA0026D2F2 /* MapperDemo.app */;
			productType = "com.apple.product-type.application";
		};
/* End PBXNativeTarget section */

/* Begin PBXProject section */
		FABBFAE3219DB4BA0026D2F2 /* Project object */ = {
			isa = PBXProject;
			attributes = {
				LastUpgradeCheck = 1010;
				ORGANIZATIONNAME = mab;
				TargetAttributes = {
					FABBFAEA219DB4BA0026D2F2 = {
						CreatedOnToolsVersion = 10.1;
					};
				};
			};
			buildConfigurationList = FABBFAE6219DB4BA0026D2F2 /* Build configuration list for PBXProject "MapperDemo" */;
			compatibilityVersion = "Xcode 9.3";
			developmentRegion = en;
			hasScannedForEncodings = 0;
			knownRegions = (
				en,
				Base,
			);
			mainGroup = FABBFAE2219DB4BA0026D2F2;
			productRefGroup = FABBFAEC219DB4BA0026D2F2 /* Products */;
			projectDirPath = "";
			projectRoot = "";
			targets = (
				FABBFAEA219DB4BA0026D2F2 /* MapperDemo */,
			);
		};
/* End PBXProject section */

/* Begin PBXResourcesBuildPhase section */
		FABBFAE9219DB4BA0026D2F2 /* Resources */ = {
			isa = PBXResourcesBuildPhase;
			buildActionMask = 2147483647;
			files = (
				FABBFAFB219DB4BC0026D2F2 /* LaunchScreen.storyboard in Resources */,
				FABBFAF8219DB4BC0026D2F2 /* Assets.xcassets in Resources */,
				FABBFAF6219DB4BA0026D2F2 /* Main.storyboard in Resources */,
				FABBFB06219DB8540026D2F2 /* resto.json in Resources */,
			);
			runOnlyForDeploymentPostprocessing = 0;
		};
/* End PBXResourcesBuildPhase section */

/* Begin PBXSourcesBuildPhase section */
		FABBFAE7219DB4BA0026D2F2 /* Sources */ = {
			isa = PBXSourcesBuildPhase;
			buildActionMask = 2147483647;
			files = (
				FABBFAFE219DB4BC0026D2F2 /* main.m in Sources */,
				FABBFB1C21A08DCD0026D2F2 /* ArrayViewController.m in Sources */,
				FABBFAF0219DB4BA0026D2F2 /* AppDelegate.m in Sources */,
				FABBFB1921A08AD30026D2F2 /* Resto.m in Sources */,
				FABBFB0E219F0AC80026D2F2 /* MABMapperFetcher.m in Sources */,
			);
			runOnlyForDeploymentPostprocessing = 0;
		};
/* End PBXSourcesBuildPhase section */

/* Begin PBXVariantGroup section */
		FABBFAF4219DB4BA0026D2F2 /* Main.storyboard */ = {
			isa = PBXVariantGroup;
			children = (
				FABBFAF5219DB4BA0026D2F2 /* Base */,
			);
			name = Main.storyboard;
			sourceTree = "<group>";
		};
		FABBFAF9219DB4BC0026D2F2 /* LaunchScreen.storyboard */ = {
			isa = PBXVariantGroup;
			children = (
				FABBFAFA219DB4BC0026D2F2 /* Base */,
			);
			name = LaunchScreen.storyboard;
			sourceTree = "<group>";
		};
/* End PBXVariantGroup section */

/* Begin XCBuildConfiguration section */
		FABBFAFF219DB4BC0026D2F2 /* Debug */ = {
			isa = XCBuildConfiguration;
			buildSettings = {
				ALWAYS_SEARCH_USER_PATHS = NO;
				CLANG_ANALYZER_NONNULL = YES;
				CLANG_ANALYZER_NUMBER_OBJECT_CONVERSION = YES_AGGRESSIVE;
				CLANG_CXX_LANGUAGE_STANDARD = "gnu++14";
				CLANG_CXX_LIBRARY = "libc++";
				CLANG_ENABLE_MODULES = YES;
				CLANG_ENABLE_OBJC_ARC = YES;
				CLANG_ENABLE_OBJC_WEAK = YES;
				CLANG_WARN_BLOCK_CAPTURE_AUTORELEASING = YES;
				CLANG_WARN_BOOL_CONVERSION = YES;
				CLANG_WARN_COMMA = YES;
				CLANG_WARN_CONSTANT_CONVERSION = YES;
				CLANG_WARN_DEPRECATED_OBJC_IMPLEMENTATIONS = YES;
				CLANG_WARN_DIRECT_OBJC_ISA_USAGE = YES_ERROR;
				CLANG_WARN_DOCUMENTATION_COMMENTS = YES;
				CLANG_WARN_EMPTY_BODY = YES;
				CLANG_WARN_ENUM_CONVERSION = YES;
				CLANG_WARN_INFINITE_RECURSION = YES;
				CLANG_WARN_INT_CONVERSION = YES;
				CLANG_WARN_NON_LITERAL_NULL_CONVERSION = YES;
				CLANG_WARN_OBJC_IMPLICIT_RETAIN_SELF = YES;
				CLANG_WARN_OBJC_LITERAL_CONVERSION = YES;
				CLANG_WARN_OBJC_ROOT_CLASS = YES_ERROR;
				CLANG_WARN_RANGE_LOOP_ANALYSIS = YES;
				CLANG_WARN_STRICT_PROTOTYPES = YES;
				CLANG_WARN_SUSPICIOUS_MOVE = YES;
				CLANG_WARN_UNGUARDED_AVAILABILITY = YES_AGGRESSIVE;
				CLANG_WARN_UNREACHABLE_CODE = YES;
				CLANG_WARN__DUPLICATE_METHOD_MATCH = YES;
				CODE_SIGN_IDENTITY = "iPhone Developer";
				COPY_PHASE_STRIP = NO;
				DEBUG_INFORMATION_FORMAT = dwarf;
				ENABLE_STRICT_OBJC_MSGSEND = YES;
				ENABLE_TESTABILITY = YES;
				GCC_C_LANGUAGE_STANDARD = gnu11;
				GCC_DYNAMIC_NO_PIC = NO;
				GCC_NO_COMMON_BLOCKS = YES;
				GCC_OPTIMIZATION_LEVEL = 0;
				GCC_PREPROCESSOR_DEFINITIONS = (
					"DEBUG=1",
					"$(inherited)",
				);
				GCC_WARN_64_TO_32_BIT_CONVERSION = YES;
				GCC_WARN_ABOUT_RETURN_TYPE = YES_ERROR;
				GCC_WARN_UNDECLARED_SELECTOR = YES;
				GCC_WARN_UNINITIALIZED_AUTOS = YES_AGGRESSIVE;
				GCC_WARN_UNUSED_FUNCTION = YES;
				GCC_WARN_UNUSED_VARIABLE = YES;
				IPHONEOS_DEPLOYMENT_TARGET = 12.1;
				MTL_ENABLE_DEBUG_INFO = INCLUDE_SOURCE;
				MTL_FAST_MATH = YES;
				ONLY_ACTIVE_ARCH = YES;
				SDKROOT = iphoneos;
			};
			name = Debug;
		};
		FABBFB00219DB4BC0026D2F2 /* Release */ = {
			isa = XCBuildConfiguration;
			buildSettings = {
				ALWAYS_SEARCH_USER_PATHS = NO;
				CLANG_ANALYZER_NONNULL = YES;
				CLANG_ANALYZER_NUMBER_OBJECT_CONVERSION = YES_AGGRESSIVE;
				CLANG_CXX_LANGUAGE_STANDARD = "gnu++14";
				CLANG_CXX_LIBRARY = "libc++";
				CLANG_ENABLE_MODULES = YES;
				CLANG_ENABLE_OBJC_ARC = YES;
				CLANG_ENABLE_OBJC_WEAK = YES;
				CLANG_WARN_BLOCK_CAPTURE_AUTORELEASING = YES;
				CLANG_WARN_BOOL_CONVERSION = YES;
				CLANG_WARN_COMMA = YES;
				CLANG_WARN_CONSTANT_CONVERSION = YES;
				CLANG_WARN_DEPRECATED_OBJC_IMPLEMENTATIONS = YES;
				CLANG_WARN_DIRECT_OBJC_ISA_USAGE = YES_ERROR;
				CLANG_WARN_DOCUMENTATION_COMMENTS = YES;
				CLANG_WARN_EMPTY_BODY = YES;
				CLANG_WARN_ENUM_CONVERSION = YES;
				CLANG_WARN_INFINITE_RECURSION = YES;
				CLANG_WARN_INT_CONVERSION = YES;
				CLANG_WARN_NON_LITERAL_NULL_CONVERSION = YES;
				CLANG_WARN_OBJC_IMPLICIT_RETAIN_SELF = YES;
				CLANG_WARN_OBJC_LITERAL_CONVERSION = YES;
				CLANG_WARN_OBJC_ROOT_CLASS = YES_ERROR;
				CLANG_WARN_RANGE_LOOP_ANALYSIS = YES;
				CLANG_WARN_STRICT_PROTOTYPES = YES;
				CLANG_WARN_SUSPICIOUS_MOVE = YES;
				CLANG_WARN_UNGUARDED_AVAILABILITY = YES_AGGRESSIVE;
				CLANG_WARN_UNREACHABLE_CODE = YES;
				CLANG_WARN__DUPLICATE_METHOD_MATCH = YES;
				CODE_SIGN_IDENTITY = "iPhone Developer";
				COPY_PHASE_STRIP = NO;
				DEBUG_INFORMATION_FORMAT = "dwarf-with-dsym";
				ENABLE_NS_ASSERTIONS = NO;
				ENABLE_STRICT_OBJC_MSGSEND = YES;
				GCC_C_LANGUAGE_STANDARD = gnu11;
				GCC_NO_COMMON_BLOCKS = YES;
				GCC_WARN_64_TO_32_BIT_CONVERSION = YES;
				GCC_WARN_ABOUT_RETURN_TYPE = YES_ERROR;
				GCC_WARN_UNDECLARED_SELECTOR = YES;
				GCC_WARN_UNINITIALIZED_AUTOS = YES_AGGRESSIVE;
				GCC_WARN_UNUSED_FUNCTION = YES;
				GCC_WARN_UNUSED_VARIABLE = YES;
				IPHONEOS_DEPLOYMENT_TARGET = 12.1;
				MTL_ENABLE_DEBUG_INFO = NO;
				MTL_FAST_MATH = YES;
				SDKROOT = iphoneos;
				VALIDATE_PRODUCT = YES;
			};
			name = Release;
		};
		FABBFB02219DB4BC0026D2F2 /* Debug */ = {
			isa = XCBuildConfiguration;
			buildSettings = {
				ASSETCATALOG_COMPILER_APPICON_NAME = AppIcon;
				CODE_SIGN_STYLE = Manual;
				DEVELOPMENT_TEAM = "";
				INFOPLIST_FILE = MapperDemo/Info.plist;
				LD_RUNPATH_SEARCH_PATHS = (
					"$(inherited)",
					"@executable_path/Frameworks",
				);
				PRODUCT_BUNDLE_IDENTIFIER = mab.MapperDemo;
				PRODUCT_NAME = "$(TARGET_NAME)";
				PROVISIONING_PROFILE_SPECIFIER = "";
				TARGETED_DEVICE_FAMILY = "1,2";
			};
			name = Debug;
		};
		FABBFB03219DB4BC0026D2F2 /* Release */ = {
			isa = XCBuildConfiguration;
			buildSettings = {
				ASSETCATALOG_COMPILER_APPICON_NAME = AppIcon;
				CODE_SIGN_STYLE = Manual;
				DEVELOPMENT_TEAM = "";
				INFOPLIST_FILE = MapperDemo/Info.plist;
				LD_RUNPATH_SEARCH_PATHS = (
					"$(inherited)",
					"@executable_path/Frameworks",
				);
				PRODUCT_BUNDLE_IDENTIFIER = mab.MapperDemo;
				PRODUCT_NAME = "$(TARGET_NAME)";
				PROVISIONING_PROFILE_SPECIFIER = "";
				TARGETED_DEVICE_FAMILY = "1,2";
			};
			name = Release;
		};
/* End XCBuildConfiguration section */

/* Begin XCConfigurationList section */
		FABBFAE6219DB4BA0026D2F2 /* Build configuration list for PBXProject "MapperDemo" */ = {
			isa = XCConfigurationList;
			buildConfigurations = (
				FABBFAFF219DB4BC0026D2F2 /* Debug */,
				FABBFB00219DB4BC0026D2F2 /* Release */,
			);
			defaultConfigurationIsVisible = 0;
			defaultConfigurationName = Release;
		};
		FABBFB01219DB4BC0026D2F2 /* Build configuration list for PBXNativeTarget "MapperDemo" */ = {
			isa = XCConfigurationList;
			buildConfigurations = (
				FABBFB02219DB4BC0026D2F2 /* Debug */,
				FABBFB03219DB4BC0026D2F2 /* Release */,
			);
			defaultConfigurationIsVisible = 0;
			defaultConfigurationName = Release;
		};
/* End XCConfigurationList section */
	};
	rootObject = FABBFAE3219DB4BA0026D2F2 /* Project object */;
}
